<?xml version="1.0" encoding="utf-8"?>
<Project ToolsVersion="4.0" xmlns="http://schemas.microsoft.com/developer/msbuild/2003">
  <ItemGroup>
    <Filter Include="Source Files">
      <UniqueIdentifier>{4FC737F1-C7A5-4376-A066-2A32D752A2FF}</UniqueIdentifier>
      <Extensions>cpp;c;cc;cxx;def;odl;idl;hpj;bat;asm;asmx</Extensions>
    </Filter>
    <Filter Include="Header Files">
      <UniqueIdentifier>{93995380-89BD-4b04-88EB-625FBE52EBFB}</UniqueIdentifier>
      <Extensions>h;hh;hpp;hxx;hm;inl;inc;xsd</Extensions>
    </Filter>
    <Filter Include="Resource Files">
      <UniqueIdentifier>{67DA6AB6-F800-4c08-8B7A-83BB121AAD01}</UniqueIdentifier>
      <Extensions>rc;ico;cur;bmp;dlg;rc2;rct;bin;rgs;gif;jpg;jpeg;jpe;resx;tiff;tif;png;wav;mfcribbon-ms</Extensions>
    </Filter>
    <Filter Include="Header Files\Assert">
      <UniqueIdentifier>{9d4641cb-82a4-4ea1-8fd4-5477449555bf}</UniqueIdentifier>
    </Filter>
    <Filter Include="Header Files\Profiling">
      <UniqueIdentifier>{80c6b5e4-dff8-4e4e-93a6-610c72e76eb7}</UniqueIdentifier>
    </Filter>
    <Filter Include="Header Files\Time">
      <UniqueIdentifier>{d93bee36-b005-4797-992b-ef029ccf6229}</UniqueIdentifier>
    </Filter>
  </ItemGroup>
  <ItemGroup>
    <ClInclude Include="MyOwnAssert.h">
      <Filter>Header Files\Assert</Filter>
    </ClInclude>
    <ClInclude Include="ProfilingTool.h">
      <Filter>Header Files\Profiling</Filter>
    </ClInclude>
    <ClInclude Include="ScopedTimer.h">
      <Filter>Header Files\Time</Filter>
    </ClInclude>
    <ClInclude Include="Timing.h">
      <Filter>Header Files\Time</Filter>
    </ClInclude>
    <ClInclude Include="UtilFunctions.h">
      <Filter>Header Files</Filter>
    </ClInclude>
  </ItemGroup>
  <ItemGroup>
    <ClCompile Include="Private\MyOwnAssert.cpp">
      <Filter>Source Files</Filter>
    </ClCompile>
    <ClCompile Include="Private\Timing.cpp">
      <Filter>Source Files</Filter>
    </ClCompile>
    <ClCompile Include="Private\UtilFunctions.cpp">
      <Filter>Source Files</Filter>
    </ClCompile>
    <ClCompile Include="Private\ProfilingTool.cpp">
      <Filter>Source Files</Filter>
    </ClCompile>
    <ClCompile Include="Private\ScopedTimer.cpp">
      <Filter>Source Files</Filter>
    </ClCompile>
  </ItemGroup>
</Project>